
Microsoft Visual Studio Solution File, Format Version 12.00
# Visual Studio Version 17
VisualStudioVersion = 17.5.002.0
MinimumVisualStudioVersion = 10.0.40219.1
Project("{9A19103F-16F7-4668-BE54-9A1E7A4F7556}") = "MyProject", "MyProject.csproj", "{EEE4BD29-2887-4B9F-AADE-972F11B82CEC}"
EndProject
Global
	GlobalSection(SolutionConfigurationPlatforms) = preSolution
		Debug|Any CPU = Debug|Any CPU
		Release|Any CPU = Release|Any CPU
	EndGlobalSection
	GlobalSection(ProjectConfigurationPlatforms) = postSolution
		{EEE4BD29-2887-4B9F-AADE-972F11B82CEC}.Debug|Any CPU.ActiveCfg = Debug|Any CPU
		{EEE4BD29-2887-4B9F-AADE-972F11B82CEC}.Debug|Any CPU.Build.0 = Debug|Any CPU
		{EEE4BD29-2887-4B9F-AADE-972F11B82CEC}.Release|Any CPU.ActiveCfg = Release|Any CPU
		{EEE4BD29-2887-4B9F-AADE-972F11B82CEC}.Release|Any CPU.Build.0 = Release|Any CPU
	EndGlobalSection
	GlobalSection(SolutionProperties) = preSolution
		HideSolutionNode = FALSE
	EndGlobalSection
	GlobalSection(ExtensibilityGlobals) = postSolution
		SolutionGuid = {BE746975-C31E-4F5B-A394-28B61AEA4909}
	EndGlobalSection
EndGlobal
